
Microsoft Visual Studio Solution File, Format Version 12.00
# Visual Studio Version 16
VisualStudioVersion = 16.0.31321.278
MinimumVisualStudioVersion = 10.0.40219.1
Project("{FAE04EC0-301F-11D3-BF4B-00C04F79EFBC}") = "EHut", "EHut\EHut.csproj", "{74659607-E228-4151-8C06-2CA09CB881AC}"
EndProject
Project("{FAE04EC0-301F-11D3-BF4B-00C04F79EFBC}") = "BEL", "BEL\BEL.csproj", "{6792880A-35DA-4891-B577-8712FEDCED52}"
EndProject
Project("{FAE04EC0-301F-11D3-BF4B-00C04F79EFBC}") = "DAL", "DAL\DAL.csproj", "{4C370CB7-F5D7-4FD3-B386-536E20F89D96}"
EndProject
Project("{FAE04EC0-301F-11D3-BF4B-00C04F79EFBC}") = "BLL", "BLL\BLL.csproj", "{212854B0-B224-47DA-9B3A-77DCB9061FD1}"
EndProject
Global
	GlobalSection(SolutionConfigurationPlatforms) = preSolution
		Debug|Any CPU = Debug|Any CPU
		Release|Any CPU = Release|Any CPU
	EndGlobalSection
	GlobalSection(ProjectConfigurationPlatforms) = postSolution
		{74659607-E228-4151-8C06-2CA09CB881AC}.Debug|Any CPU.ActiveCfg = Debug|Any CPU
		{74659607-E228-4151-8C06-2CA09CB881AC}.Debug|Any CPU.Build.0 = Debug|Any CPU
		{74659607-E228-4151-8C06-2CA09CB881AC}.Release|Any CPU.ActiveCfg = Release|Any CPU
		{74659607-E228-4151-8C06-2CA09CB881AC}.Release|Any CPU.Build.0 = Release|Any CPU
		{6792880A-35DA-4891-B577-8712FEDCED52}.Debug|Any CPU.ActiveCfg = Debug|Any CPU
		{6792880A-35DA-4891-B577-8712FEDCED52}.Debug|Any CPU.Build.0 = Debug|Any CPU
		{6792880A-35DA-4891-B577-8712FEDCED52}.Release|Any CPU.ActiveCfg = Release|Any CPU
		{6792880A-35DA-4891-B577-8712FEDCED52}.Release|Any CPU.Build.0 = Release|Any CPU
		{4C370CB7-F5D7-4FD3-B386-536E20F89D96}.Debug|Any CPU.ActiveCfg = Debug|Any CPU
		{4C370CB7-F5D7-4FD3-B386-536E20F89D96}.Debug|Any CPU.Build.0 = Debug|Any CPU
		{4C370CB7-F5D7-4FD3-B386-536E20F89D96}.Release|Any CPU.ActiveCfg = Release|Any CPU
		{4C370CB7-F5D7-4FD3-B386-536E20F89D96}.Release|Any CPU.Build.0 = Release|Any CPU
		{212854B0-B224-47DA-9B3A-77DCB9061FD1}.Debug|Any CPU.ActiveCfg = Debug|Any CPU
		{212854B0-B224-47DA-9B3A-77DCB9061FD1}.Debug|Any CPU.Build.0 = Debug|Any CPU
		{212854B0-B224-47DA-9B3A-77DCB9061FD1}.Release|Any CPU.ActiveCfg = Release|Any CPU
		{212854B0-B224-47DA-9B3A-77DCB9061FD1}.Release|Any CPU.Build.0 = Release|Any CPU
	EndGlobalSection
	GlobalSection(SolutionProperties) = preSolution
		HideSolutionNode = FALSE
	EndGlobalSection
	GlobalSection(ExtensibilityGlobals) = postSolution
		SolutionGuid = {BB9D461C-201F-4C1B-B498-FDBC8149D8E9}
	EndGlobalSection
EndGlobal
